<?xml version="1.0" encoding="utf-8"?>
<Project ToolsVersion="4.0" xmlns="http://schemas.microsoft.com/developer/msbuild/2003">
  <ItemGroup>
    <Filter Include="소스 파일">
      <UniqueIdentifier>{4FC737F1-C7A5-4376-A066-2A32D752A2FF}</UniqueIdentifier>
      <Extensions>cpp;c;cc;cxx;c++;cppm;ixx;def;odl;idl;hpj;bat;asm;asmx</Extensions>
    </Filter>
    <Filter Include="헤더 파일">
      <UniqueIdentifier>{93995380-89BD-4b04-88EB-625FBE52EBFB}</UniqueIdentifier>
      <Extensions>h;hh;hpp;hxx;h++;hm;inl;inc;ipp;xsd</Extensions>
    </Filter>
    <Filter Include="리소스 파일">
      <UniqueIdentifier>{67DA6AB6-F800-4c08-8B7A-83BB121AAD01}</UniqueIdentifier>
      <Extensions>rc;ico;cur;bmp;dlg;rc2;rct;bin;rgs;gif;jpg;jpeg;jpe;resx;tiff;tif;png;wav;mfcribbon-ms</Extensions>
    </Filter>
    <Filter Include="소스 파일\Core">
      <UniqueIdentifier>{6383fbb1-d7da-40f8-be74-26af2fbd6a0b}</UniqueIdentifier>
    </Filter>
    <Filter Include="헤더 파일\Core">
      <UniqueIdentifier>{f54ad6c5-5259-4daa-9cc8-f15649e27c6d}</UniqueIdentifier>
    </Filter>
    <Filter Include="헤더 파일\Object">
      <UniqueIdentifier>{f24b648f-3cf4-4a94-928b-bab057c9615d}</UniqueIdentifier>
    </Filter>
    <Filter Include="헤더 파일\Scene">
      <UniqueIdentifier>{70d7ab1f-8ca0-4c3a-9319-d7db7e4dfce5}</UniqueIdentifier>
    </Filter>
    <Filter Include="헤더 파일\Utility">
      <UniqueIdentifier>{b5307023-8265-4d45-bd49-42af2ae7d869}</UniqueIdentifier>
    </Filter>
    <Filter Include="소스 파일\Object">
      <UniqueIdentifier>{2871bf24-e0bd-418e-86f7-21b5d8e2c9c2}</UniqueIdentifier>
    </Filter>
    <Filter Include="소스 파일\Scene">
      <UniqueIdentifier>{af58aca3-a53e-41a9-851c-f5a68ae7587b}</UniqueIdentifier>
    </Filter>
    <Filter Include="소스 파일\Utility">
      <UniqueIdentifier>{d21bd632-23ad-494c-a085-4f183af0734a}</UniqueIdentifier>
    </Filter>
  </ItemGroup>
  <ItemGroup>
    <ClCompile Include="src\Main.c">
      <Filter>소스 파일\Core</Filter>
    </ClCompile>
    <ClCompile Include="src\CircleCollider.c">
      <Filter>소스 파일\Utility</Filter>
    </ClCompile>
    <ClCompile Include="src\Collision.c">
      <Filter>소스 파일\Core</Filter>
    </ClCompile>
    <ClCompile Include="src\DebugUtility.c">
      <Filter>소스 파일\Utility</Filter>
    </ClCompile>
    <ClCompile Include="src\ConsoleRenderer.c">
      <Filter>소스 파일\Core</Filter>
    </ClCompile>
    <ClCompile Include="src\Game.c">
      <Filter>소스 파일\Core</Filter>
    </ClCompile>
    <ClCompile Include="src\Global.c">
      <Filter>소스 파일\Core</Filter>
    </ClCompile>
    <ClCompile Include="src\Input.c">
      <Filter>소스 파일\Core</Filter>
    </ClCompile>
    <ClCompile Include="src\MenuScene.c">
      <Filter>소스 파일\Scene</Filter>
    </ClCompile>
    <ClCompile Include="src\MyTime.c">
      <Filter>소스 파일\Core</Filter>
    </ClCompile>
    <ClCompile Include="src\UnionList.c">
      <Filter>소스 파일\Utility</Filter>
    </ClCompile>
    <ClCompile Include="src\Vector2.c">
      <Filter>소스 파일\Utility</Filter>
    </ClCompile>
    <ClCompile Include="src\Player.c">
      <Filter>소스 파일\Object</Filter>
    </ClCompile>
    <ClCompile Include="src\Bullet.c">
      <Filter>소스 파일\Object</Filter>
    </ClCompile>
    <ClCompile Include="src\EndScene.c">
      <Filter>소스 파일\Scene</Filter>
    </ClCompile>
    <ClCompile Include="src\PlayScene.c">
      <Filter>소스 파일\Scene</Filter>
    </ClCompile>
    <ClCompile Include="src\Enemy.c">
      <Filter>소스 파일\Object</Filter>
    </ClCompile>
    <ClCompile Include="src\UIPlayerHP.c">
      <Filter>소스 파일\Object</Filter>
    </ClCompile>
    <ClCompile Include="src\DrawUnit.c">
      <Filter>소스 파일\Utility</Filter>
    </ClCompile>
    <ClCompile Include="src\FileLoader.c">
      <Filter>소스 파일\Utility</Filter>
    </ClCompile>
    <ClCompile Include="src\Effect.c">
      <Filter>소스 파일\Core</Filter>
    </ClCompile>
    <ClCompile Include="src\Shape.c">
      <Filter>소스 파일\Core</Filter>
    </ClCompile>
    <ClCompile Include="src\EnemySpawner.c">
      <Filter>소스 파일\Core</Filter>
    </ClCompile>
    <ClCompile Include="src\Boss.c">
      <Filter>소스 파일\Object</Filter>
    </ClCompile>
  </ItemGroup>
  <ItemGroup>
    <ClInclude Include="inc\Collision.h">
      <Filter>헤더 파일\Core</Filter>
    </ClInclude>
    <ClInclude Include="inc\ConsoleRenderer.h">
      <Filter>헤더 파일\Core</Filter>
    </ClInclude>
    <ClInclude Include="inc\Game.h">
      <Filter>헤더 파일\Core</Filter>
    </ClInclude>
    <ClInclude Include="inc\Global.h">
      <Filter>헤더 파일\Core</Filter>
    </ClInclude>
    <ClInclude Include="inc\Input.h">
      <Filter>헤더 파일\Core</Filter>
    </ClInclude>
    <ClInclude Include="inc\MyTime.h">
      <Filter>헤더 파일\Core</Filter>
    </ClInclude>
    <ClInclude Include="inc\TypeDefines.h">
      <Filter>헤더 파일\Core</Filter>
    </ClInclude>
    <ClInclude Include="inc\MenuScene.h">
      <Filter>헤더 파일\Scene</Filter>
    </ClInclude>
    <ClInclude Include="inc\CircleCollider.h">
      <Filter>헤더 파일\Utility</Filter>
    </ClInclude>
    <ClInclude Include="inc\DebugUtility.h">
      <Filter>헤더 파일\Utility</Filter>
    </ClInclude>
    <ClInclude Include="inc\UnionList.h">
      <Filter>헤더 파일\Utility</Filter>
    </ClInclude>
    <ClInclude Include="inc\Vector2.h">
      <Filter>헤더 파일\Utility</Filter>
    </ClInclude>
    <ClInclude Include="inc\Player.h">
      <Filter>헤더 파일\Object</Filter>
    </ClInclude>
    <ClInclude Include="inc\Bullet.h">
      <Filter>헤더 파일\Object</Filter>
    </ClInclude>
    <ClInclude Include="inc\EndScene.h">
      <Filter>헤더 파일\Scene</Filter>
    </ClInclude>
    <ClInclude Include="inc\PlayScene.h">
      <Filter>헤더 파일\Scene</Filter>
    </ClInclude>
    <ClInclude Include="inc\Enemy.h">
      <Filter>헤더 파일\Object</Filter>
    </ClInclude>
    <ClInclude Include="inc\UIPlayerHP.h">
      <Filter>헤더 파일\Object</Filter>
    </ClInclude>
    <ClInclude Include="inc\DrawUnit.h">
      <Filter>헤더 파일\Utility</Filter>
    </ClInclude>
    <ClInclude Include="inc\FileLoader.h">
      <Filter>헤더 파일\Utility</Filter>
    </ClInclude>
    <ClInclude Include="inc\Effect.h">
      <Filter>헤더 파일\Core</Filter>
    </ClInclude>
    <ClInclude Include="inc\Shape.h">
      <Filter>헤더 파일\Core</Filter>
    </ClInclude>
    <ClInclude Include="inc\EnemySpawner.h">
      <Filter>헤더 파일\Core</Filter>
    </ClInclude>
    <ClInclude Include="inc\Boss.h">
      <Filter>헤더 파일\Object</Filter>
    </ClInclude>
  </ItemGroup>
</Project>